// !$*UTF8*$!
{
	archiveVersion = 1;
	classes = {
	};
	objectVersion = 56;
	objects = {

/* Begin PBXBuildFile section */
		2758299B2C64C35E006DF566 /* .gitignore in Resources */ = {isa = PBXBuildFile; fileRef = 2758299A2C64C35E006DF566 /* .gitignore */; };
		279680282C66144800EB58F1 /* SearchCollectionViewCell.swift in Sources */ = {isa = PBXBuildFile; fileRef = 279680272C66144800EB58F1 /* SearchCollectionViewCell.swift */; };
		279B52962C64C23C004E7C38 /* AppDelegate.swift in Sources */ = {isa = PBXBuildFile; fileRef = 279B52952C64C23C004E7C38 /* AppDelegate.swift */; };
		279B52982C64C23C004E7C38 /* SceneDelegate.swift in Sources */ = {isa = PBXBuildFile; fileRef = 279B52972C64C23C004E7C38 /* SceneDelegate.swift */; };
		279B529F2C64C23D004E7C38 /* Assets.xcassets in Resources */ = {isa = PBXBuildFile; fileRef = 279B529E2C64C23D004E7C38 /* Assets.xcassets */; };
		279B52A22C64C23D004E7C38 /* Base in Resources */ = {isa = PBXBuildFile; fileRef = 279B52A12C64C23D004E7C38 /* Base */; };
		27DADED12C64C489004DA726 /* SearchViewController.swift in Sources */ = {isa = PBXBuildFile; fileRef = 27DADED02C64C489004DA726 /* SearchViewController.swift */; };
		27DADED42C64C4B7004DA726 /* RxCocoa in Frameworks */ = {isa = PBXBuildFile; productRef = 27DADED32C64C4B7004DA726 /* RxCocoa */; };
		27DADED62C64C4B7004DA726 /* RxSwift in Frameworks */ = {isa = PBXBuildFile; productRef = 27DADED52C64C4B7004DA726 /* RxSwift */; };
		27DADED92C64C4C5004DA726 /* SnapKit in Frameworks */ = {isa = PBXBuildFile; productRef = 27DADED82C64C4C5004DA726 /* SnapKit */; };
/* End PBXBuildFile section */

/* Begin PBXFileReference section */
		2758299A2C64C35E006DF566 /* .gitignore */ = {isa = PBXFileReference; lastKnownFileType = text; path = .gitignore; sourceTree = "<group>"; };
		279680272C66144800EB58F1 /* SearchCollectionViewCell.swift */ = {isa = PBXFileReference; lastKnownFileType = sourcecode.swift; path = SearchCollectionViewCell.swift; sourceTree = "<group>"; };
		279B52922C64C23C004E7C38 /* MusicDiscover.app */ = {isa = PBXFileReference; explicitFileType = wrapper.application; includeInIndex = 0; path = MusicDiscover.app; sourceTree = BUILT_PRODUCTS_DIR; };
		279B52952C64C23C004E7C38 /* AppDelegate.swift */ = {isa = PBXFileReference; lastKnownFileType = sourcecode.swift; path = AppDelegate.swift; sourceTree = "<group>"; };
		279B52972C64C23C004E7C38 /* SceneDelegate.swift */ = {isa = PBXFileReference; lastKnownFileType = sourcecode.swift; path = SceneDelegate.swift; sourceTree = "<group>"; };
		279B529E2C64C23D004E7C38 /* Assets.xcassets */ = {isa = PBXFileReference; lastKnownFileType = folder.assetcatalog; path = Assets.xcassets; sourceTree = "<group>"; };
		279B52A12C64C23D004E7C38 /* Base */ = {isa = PBXFileReference; lastKnownFileType = file.storyboard; name = Base; path = Base.lproj/LaunchScreen.storyboard; sourceTree = "<group>"; };
		279B52A32C64C23D004E7C38 /* Info.plist */ = {isa = PBXFileReference; lastKnownFileType = text.plist.xml; path = Info.plist; sourceTree = "<group>"; };
		27DADED02C64C489004DA726 /* SearchViewController.swift */ = {isa = PBXFileReference; lastKnownFileType = sourcecode.swift; path = SearchViewController.swift; sourceTree = "<group>"; };
/* End PBXFileReference section */

/* Begin PBXFrameworksBuildPhase section */
		279B528F2C64C23C004E7C38 /* Frameworks */ = {
			isa = PBXFrameworksBuildPhase;
			buildActionMask = 2147483647;
			files = (
				27DADED92C64C4C5004DA726 /* SnapKit in Frameworks */,
				27DADED62C64C4B7004DA726 /* RxSwift in Frameworks */,
				27DADED42C64C4B7004DA726 /* RxCocoa in Frameworks */,
			);
			runOnlyForDeploymentPostprocessing = 0;
		};
/* End PBXFrameworksBuildPhase section */

/* Begin PBXGroup section */
		279B52892C64C23C004E7C38 = {
			isa = PBXGroup;
			children = (
				2758299A2C64C35E006DF566 /* .gitignore */,
				279B52942C64C23C004E7C38 /* MusicDiscover */,
				279B52932C64C23C004E7C38 /* Products */,
			);
			sourceTree = "<group>";
		};
		279B52932C64C23C004E7C38 /* Products */ = {
			isa = PBXGroup;
			children = (
				279B52922C64C23C004E7C38 /* MusicDiscover.app */,
			);
			name = Products;
			sourceTree = "<group>";
		};
		279B52942C64C23C004E7C38 /* MusicDiscover */ = {
			isa = PBXGroup;
			children = (
				27DADECF2C64C47F004DA726 /* Search */,
				27DADECE2C64C46A004DA726 /* App */,
				279B529E2C64C23D004E7C38 /* Assets.xcassets */,
				279B52A02C64C23D004E7C38 /* LaunchScreen.storyboard */,
				279B52A32C64C23D004E7C38 /* Info.plist */,
			);
			path = MusicDiscover;
			sourceTree = "<group>";
		};
		27DADECE2C64C46A004DA726 /* App */ = {
			isa = PBXGroup;
			children = (
				279B52952C64C23C004E7C38 /* AppDelegate.swift */,
				279B52972C64C23C004E7C38 /* SceneDelegate.swift */,
			);
			path = App;
			sourceTree = "<group>";
		};
		27DADECF2C64C47F004DA726 /* Search */ = {
			isa = PBXGroup;
			children = (
				27DADED02C64C489004DA726 /* SearchViewController.swift */,
				279680272C66144800EB58F1 /* SearchCollectionViewCell.swift */,
			);
			path = Search;
			sourceTree = "<group>";
		};
/* End PBXGroup section */

/* Begin PBXNativeTarget section */
		279B52912C64C23C004E7C38 /* MusicDiscover */ = {
			isa = PBXNativeTarget;
			buildConfigurationList = 279B52A62C64C23D004E7C38 /* Build configuration list for PBXNativeTarget "MusicDiscover" */;
			buildPhases = (
				279B528E2C64C23C004E7C38 /* Sources */,
				279B528F2C64C23C004E7C38 /* Frameworks */,
				279B52902C64C23C004E7C38 /* Resources */,
			);
			buildRules = (
			);
			dependencies = (
			);
			name = MusicDiscover;
			packageProductDependencies = (
				27DADED32C64C4B7004DA726 /* RxCocoa */,
				27DADED52C64C4B7004DA726 /* RxSwift */,
				27DADED82C64C4C5004DA726 /* SnapKit */,
			);
			productName = MusicDiscover;
			productReference = 279B52922C64C23C004E7C38 /* MusicDiscover.app */;
			productType = "com.apple.product-type.application";
		};
/* End PBXNativeTarget section */

/* Begin PBXProject section */
		279B528A2C64C23C004E7C38 /* Project object */ = {
			isa = PBXProject;
			attributes = {
				BuildIndependentTargetsInParallel = 1;
				LastSwiftUpdateCheck = 1540;
				LastUpgradeCheck = 1540;
				TargetAttributes = {
					279B52912C64C23C004E7C38 = {
						CreatedOnToolsVersion = 15.4;
					};
				};
			};
			buildConfigurationList = 279B528D2C64C23C004E7C38 /* Build configuration list for PBXProject "MusicDiscover" */;
			compatibilityVersion = "Xcode 14.0";
			developmentRegion = en;
			hasScannedForEncodings = 0;
			knownRegions = (
				en,
				Base,
			);
			mainGroup = 279B52892C64C23C004E7C38;
			packageReferences = (
				27DADED22C64C4B7004DA726 /* XCRemoteSwiftPackageReference "RxSwift" */,
				27DADED72C64C4C5004DA726 /* XCRemoteSwiftPackageReference "SnapKit" */,
			);
			productRefGroup = 279B52932C64C23C004E7C38 /* Products */;
			projectDirPath = "";
			projectRoot = "";
			targets = (
				279B52912C64C23C004E7C38 /* MusicDiscover */,
			);
		};
/* End PBXProject section */

/* Begin PBXResourcesBuildPhase section */
		279B52902C64C23C004E7C38 /* Resources */ = {
			isa = PBXResourcesBuildPhase;
			buildActionMask = 2147483647;
			files = (
				279B529F2C64C23D004E7C38 /* Assets.xcassets in Resources */,
				2758299B2C64C35E006DF566 /* .gitignore in Resources */,
				279B52A22C64C23D004E7C38 /* Base in Resources */,
			);
			runOnlyForDeploymentPostprocessing = 0;
		};
/* End PBXResourcesBuildPhase section */

/* Begin PBXSourcesBuildPhase section */
		279B528E2C64C23C004E7C38 /* Sources */ = {
			isa = PBXSourcesBuildPhase;
			buildActionMask = 2147483647;
			files = (
				279B52962C64C23C004E7C38 /* AppDelegate.swift in Sources */,
				27DADED12C64C489004DA726 /* SearchViewController.swift in Sources */,
				279680282C66144800EB58F1 /* SearchCollectionViewCell.swift in Sources */,
				279B52982C64C23C004E7C38 /* SceneDelegate.swift in Sources */,
			);
			runOnlyForDeploymentPostprocessing = 0;
		};
/* End PBXSourcesBuildPhase section */

/* Begin PBXVariantGroup section */
		279B52A02C64C23D004E7C38 /* LaunchScreen.storyboard */ = {
			isa = PBXVariantGroup;
			children = (
				279B52A12C64C23D004E7C38 /* Base */,
			);
			name = LaunchScreen.storyboard;
			sourceTree = "<group>";
		};
/* End PBXVariantGroup section */

/* Begin XCBuildConfiguration section */
		279B52A42C64C23D004E7C38 /* Debug */ = {
			isa = XCBuildConfiguration;
			buildSettings = {
				ALWAYS_SEARCH_USER_PATHS = NO;
				ASSETCATALOG_COMPILER_GENERATE_SWIFT_ASSET_SYMBOL_EXTENSIONS = YES;
				CLANG_ANALYZER_NONNULL = YES;
				CLANG_ANALYZER_NUMBER_OBJECT_CONVERSION = YES_AGGRESSIVE;
				CLANG_CXX_LANGUAGE_STANDARD = "gnu++20";
				CLANG_ENABLE_MODULES = YES;
				CLANG_ENABLE_OBJC_ARC = YES;
				CLANG_ENABLE_OBJC_WEAK = YES;
				CLANG_WARN_BLOCK_CAPTURE_AUTORELEASING = YES;
				CLANG_WARN_BOOL_CONVERSION = YES;
				CLANG_WARN_COMMA = YES;
				CLANG_WARN_CONSTANT_CONVERSION = YES;
				CLANG_WARN_DEPRECATED_OBJC_IMPLEMENTATIONS = YES;
				CLANG_WARN_DIRECT_OBJC_ISA_USAGE = YES_ERROR;
				CLANG_WARN_DOCUMENTATION_COMMENTS = YES;
				CLANG_WARN_EMPTY_BODY = YES;
				CLANG_WARN_ENUM_CONVERSION = YES;
				CLANG_WARN_INFINITE_RECURSION = YES;
				CLANG_WARN_INT_CONVERSION = YES;
				CLANG_WARN_NON_LITERAL_NULL_CONVERSION = YES;
				CLANG_WARN_OBJC_IMPLICIT_RETAIN_SELF = YES;
				CLANG_WARN_OBJC_LITERAL_CONVERSION = YES;
				CLANG_WARN_OBJC_ROOT_CLASS = YES_ERROR;
				CLANG_WARN_QUOTED_INCLUDE_IN_FRAMEWORK_HEADER = YES;
				CLANG_WARN_RANGE_LOOP_ANALYSIS = YES;
				CLANG_WARN_STRICT_PROTOTYPES = YES;
				CLANG_WARN_SUSPICIOUS_MOVE = YES;
				CLANG_WARN_UNGUARDED_AVAILABILITY = YES_AGGRESSIVE;
				CLANG_WARN_UNREACHABLE_CODE = YES;
				CLANG_WARN__DUPLICATE_METHOD_MATCH = YES;
				COPY_PHASE_STRIP = NO;
				DEBUG_INFORMATION_FORMAT = dwarf;
				ENABLE_STRICT_OBJC_MSGSEND = YES;
				ENABLE_TESTABILITY = YES;
				ENABLE_USER_SCRIPT_SANDBOXING = YES;
				GCC_C_LANGUAGE_STANDARD = gnu17;
				GCC_DYNAMIC_NO_PIC = NO;
				GCC_NO_COMMON_BLOCKS = YES;
				GCC_OPTIMIZATION_LEVEL = 0;
				GCC_PREPROCESSOR_DEFINITIONS = (
					"DEBUG=1",
					"$(inherited)",
				);
				GCC_WARN_64_TO_32_BIT_CONVERSION = YES;
				GCC_WARN_ABOUT_RETURN_TYPE = YES_ERROR;
				GCC_WARN_UNDECLARED_SELECTOR = YES;
				GCC_WARN_UNINITIALIZED_AUTOS = YES_AGGRESSIVE;
				GCC_WARN_UNUSED_FUNCTION = YES;
				GCC_WARN_UNUSED_VARIABLE = YES;
				IPHONEOS_DEPLOYMENT_TARGET = 17.5;
				LOCALIZATION_PREFERS_STRING_CATALOGS = YES;
				MTL_ENABLE_DEBUG_INFO = INCLUDE_SOURCE;
				MTL_FAST_MATH = YES;
				ONLY_ACTIVE_ARCH = YES;
				SDKROOT = iphoneos;
				SWIFT_ACTIVE_COMPILATION_CONDITIONS = "DEBUG $(inherited)";
				SWIFT_OPTIMIZATION_LEVEL = "-Onone";
			};
			name = Debug;
		};
		279B52A52C64C23D004E7C38 /* Release */ = {
			isa = XCBuildConfiguration;
			buildSettings = {
				ALWAYS_SEARCH_USER_PATHS = NO;
				ASSETCATALOG_COMPILER_GENERATE_SWIFT_ASSET_SYMBOL_EXTENSIONS = YES;
				CLANG_ANALYZER_NONNULL = YES;
				CLANG_ANALYZER_NUMBER_OBJECT_CONVERSION = YES_AGGRESSIVE;
				CLANG_CXX_LANGUAGE_STANDARD = "gnu++20";
				CLANG_ENABLE_MODULES = YES;
				CLANG_ENABLE_OBJC_ARC = YES;
				CLANG_ENABLE_OBJC_WEAK = YES;
				CLANG_WARN_BLOCK_CAPTURE_AUTORELEASING = YES;
				CLANG_WARN_BOOL_CONVERSION = YES;
				CLANG_WARN_COMMA = YES;
				CLANG_WARN_CONSTANT_CONVERSION = YES;
				CLANG_WARN_DEPRECATED_OBJC_IMPLEMENTATIONS = YES;
				CLANG_WARN_DIRECT_OBJC_ISA_USAGE = YES_ERROR;
				CLANG_WARN_DOCUMENTATION_COMMENTS = YES;
				CLANG_WARN_EMPTY_BODY = YES;
				CLANG_WARN_ENUM_CONVERSION = YES;
				CLANG_WARN_INFINITE_RECURSION = YES;
				CLANG_WARN_INT_CONVERSION = YES;
				CLANG_WARN_NON_LITERAL_NULL_CONVERSION = YES;
				CLANG_WARN_OBJC_IMPLICIT_RETAIN_SELF = YES;
				CLANG_WARN_OBJC_LITERAL_CONVERSION = YES;
				CLANG_WARN_OBJC_ROOT_CLASS = YES_ERROR;
				CLANG_WARN_QUOTED_INCLUDE_IN_FRAMEWORK_HEADER = YES;
				CLANG_WARN_RANGE_LOOP_ANALYSIS = YES;
				CLANG_WARN_STRICT_PROTOTYPES = YES;
				CLANG_WARN_SUSPICIOUS_MOVE = YES;
				CLANG_WARN_UNGUARDED_AVAILABILITY = YES_AGGRESSIVE;
				CLANG_WARN_UNREACHABLE_CODE = YES;
				CLANG_WARN__DUPLICATE_METHOD_MATCH = YES;
				COPY_PHASE_STRIP = NO;
				DEBUG_INFORMATION_FORMAT = "dwarf-with-dsym";
				ENABLE_NS_ASSERTIONS = NO;
				ENABLE_STRICT_OBJC_MSGSEND = YES;
				ENABLE_USER_SCRIPT_SANDBOXING = YES;
				GCC_C_LANGUAGE_STANDARD = gnu17;
				GCC_NO_COMMON_BLOCKS = YES;
				GCC_WARN_64_TO_32_BIT_CONVERSION = YES;
				GCC_WARN_ABOUT_RETURN_TYPE = YES_ERROR;
				GCC_WARN_UNDECLARED_SELECTOR = YES;
				GCC_WARN_UNINITIALIZED_AUTOS = YES_AGGRESSIVE;
				GCC_WARN_UNUSED_FUNCTION = YES;
				GCC_WARN_UNUSED_VARIABLE = YES;
				IPHONEOS_DEPLOYMENT_TARGET = 17.5;
				LOCALIZATION_PREFERS_STRING_CATALOGS = YES;
				MTL_ENABLE_DEBUG_INFO = NO;
				MTL_FAST_MATH = YES;
				SDKROOT = iphoneos;
				SWIFT_COMPILATION_MODE = wholemodule;
				VALIDATE_PRODUCT = YES;
			};
			name = Release;
		};
		279B52A72C64C23D004E7C38 /* Debug */ = {
			isa = XCBuildConfiguration;
			buildSettings = {
				ASSETCATALOG_COMPILER_APPICON_NAME = AppIcon;
				ASSETCATALOG_COMPILER_GLOBAL_ACCENT_COLOR_NAME = AccentColor;
				CODE_SIGN_STYLE = Automatic;
				CURRENT_PROJECT_VERSION = 1;
				DEVELOPMENT_TEAM = YAZ6T34227;
				GENERATE_INFOPLIST_FILE = YES;
				INFOPLIST_FILE = MusicDiscover/Info.plist;
				INFOPLIST_KEY_CFBundleDisplayName = MusicDiscover;
				INFOPLIST_KEY_UIApplicationSupportsIndirectInputEvents = YES;
				INFOPLIST_KEY_UILaunchStoryboardName = LaunchScreen;
				INFOPLIST_KEY_UISupportedInterfaceOrientations = UIInterfaceOrientationPortrait;
				INFOPLIST_KEY_UISupportedInterfaceOrientations_iPad = UIInterfaceOrientationPortrait;
				IPHONEOS_DEPLOYMENT_TARGET = 15.0;
				LD_RUNPATH_SEARCH_PATHS = (
					"$(inherited)",
					"@executable_path/Frameworks",
				);
				MARKETING_VERSION = 1.0;
				PRODUCT_BUNDLE_IDENTIFIER = hwanghye.MusicDiscover;
				PRODUCT_NAME = "$(TARGET_NAME)";
				SUPPORTED_PLATFORMS = "iphoneos iphonesimulator";
				SUPPORTS_MACCATALYST = NO;
				SUPPORTS_MAC_DESIGNED_FOR_IPHONE_IPAD = NO;
				SUPPORTS_XR_DESIGNED_FOR_IPHONE_IPAD = NO;
				SWIFT_EMIT_LOC_STRINGS = YES;
				SWIFT_VERSION = 5.0;
				TARGETED_DEVICE_FAMILY = 1;
			};
			name = Debug;
		};
		279B52A82C64C23D004E7C38 /* Release */ = {
			isa = XCBuildConfiguration;
			buildSettings = {
				ASSETCATALOG_COMPILER_APPICON_NAME = AppIcon;
				ASSETCATALOG_COMPILER_GLOBAL_ACCENT_COLOR_NAME = AccentColor;
				CODE_SIGN_STYLE = Automatic;
				CURRENT_PROJECT_VERSION = 1;
				DEVELOPMENT_TEAM = YAZ6T34227;
				GENERATE_INFOPLIST_FILE = YES;
				INFOPLIST_FILE = MusicDiscover/Info.plist;
				INFOPLIST_KEY_CFBundleDisplayName = MusicDiscover;
				INFOPLIST_KEY_UIApplicationSupportsIndirectInputEvents = YES;
				INFOPLIST_KEY_UILaunchStoryboardName = LaunchScreen;
				INFOPLIST_KEY_UISupportedInterfaceOrientations = UIInterfaceOrientationPortrait;
				INFOPLIST_KEY_UISupportedInterfaceOrientations_iPad = UIInterfaceOrientationPortrait;
				IPHONEOS_DEPLOYMENT_TARGET = 15.0;
				LD_RUNPATH_SEARCH_PATHS = (
					"$(inherited)",
					"@executable_path/Frameworks",
				);
				MARKETING_VERSION = 1.0;
				PRODUCT_BUNDLE_IDENTIFIER = hwanghye.MusicDiscover;
				PRODUCT_NAME = "$(TARGET_NAME)";
				SUPPORTED_PLATFORMS = "iphoneos iphonesimulator";
				SUPPORTS_MACCATALYST = NO;
				SUPPORTS_MAC_DESIGNED_FOR_IPHONE_IPAD = NO;
				SUPPORTS_XR_DESIGNED_FOR_IPHONE_IPAD = NO;
				SWIFT_EMIT_LOC_STRINGS = YES;
				SWIFT_VERSION = 5.0;
				TARGETED_DEVICE_FAMILY = 1;
			};
			name = Release;
		};
/* End XCBuildConfiguration section */

/* Begin XCConfigurationList section */
		279B528D2C64C23C004E7C38 /* Build configuration list for PBXProject "MusicDiscover" */ = {
			isa = XCConfigurationList;
			buildConfigurations = (
				279B52A42C64C23D004E7C38 /* Debug */,
				279B52A52C64C23D004E7C38 /* Release */,
			);
			defaultConfigurationIsVisible = 0;
			defaultConfigurationName = Release;
		};
		279B52A62C64C23D004E7C38 /* Build configuration list for PBXNativeTarget "MusicDiscover" */ = {
			isa = XCConfigurationList;
			buildConfigurations = (
				279B52A72C64C23D004E7C38 /* Debug */,
				279B52A82C64C23D004E7C38 /* Release */,
			);
			defaultConfigurationIsVisible = 0;
			defaultConfigurationName = Release;
		};
/* End XCConfigurationList section */

/* Begin XCRemoteSwiftPackageReference section */
		27DADED22C64C4B7004DA726 /* XCRemoteSwiftPackageReference "RxSwift" */ = {
			isa = XCRemoteSwiftPackageReference;
			repositoryURL = "https://github.com/ReactiveX/RxSwift.git";
			requirement = {
				kind = upToNextMajorVersion;
				minimumVersion = 6.7.1;
			};
		};
		27DADED72C64C4C5004DA726 /* XCRemoteSwiftPackageReference "SnapKit" */ = {
			isa = XCRemoteSwiftPackageReference;
			repositoryURL = "https://github.com/SnapKit/SnapKit.git";
			requirement = {
				kind = upToNextMajorVersion;
				minimumVersion = 5.7.1;
			};
		};
/* End XCRemoteSwiftPackageReference section */

/* Begin XCSwiftPackageProductDependency section */
		27DADED32C64C4B7004DA726 /* RxCocoa */ = {
			isa = XCSwiftPackageProductDependency;
			package = 27DADED22C64C4B7004DA726 /* XCRemoteSwiftPackageReference "RxSwift" */;
			productName = RxCocoa;
		};
		27DADED52C64C4B7004DA726 /* RxSwift */ = {
			isa = XCSwiftPackageProductDependency;
			package = 27DADED22C64C4B7004DA726 /* XCRemoteSwiftPackageReference "RxSwift" */;
			productName = RxSwift;
		};
		27DADED82C64C4C5004DA726 /* SnapKit */ = {
			isa = XCSwiftPackageProductDependency;
			package = 27DADED72C64C4C5004DA726 /* XCRemoteSwiftPackageReference "SnapKit" */;
			productName = SnapKit;
		};
/* End XCSwiftPackageProductDependency section */
	};
	rootObject = 279B528A2C64C23C004E7C38 /* Project object */;
}
